
Microsoft Visual Studio Solution File, Format Version 12.00
# Visual Studio Version 16
VisualStudioVersion = 16.0.30804.86
MinimumVisualStudioVersion = 10.0.40219.1
Project("{8BC9CEB8-8B4A-11D0-8D11-00A0C91BC942}") = "ensta-cbr", "ensta-cbr.vcxproj", "{CAEF26E7-39EA-3324-9323-404C3B2A2287}"
EndProject
Project("{8BC9CEB8-8B4A-11D0-8D11-00A0C91BC942}") = "bit7z", "bit7z-master\bit7z.vcxproj", "{0ECEDD47-4EC9-3232-B099-20D54C597639}"
EndProject
Global
	GlobalSection(SolutionConfigurationPlatforms) = preSolution
		Debug|x64 = Debug|x64
		Debug|x86 = Debug|x86
		Release|x64 = Release|x64
		Release|x86 = Release|x86
	EndGlobalSection
	GlobalSection(ProjectConfigurationPlatforms) = postSolution
		{CAEF26E7-39EA-3324-9323-404C3B2A2287}.Debug|x64.ActiveCfg = Debug|x64
		{CAEF26E7-39EA-3324-9323-404C3B2A2287}.Debug|x64.Build.0 = Debug|x64
		{CAEF26E7-39EA-3324-9323-404C3B2A2287}.Debug|x86.ActiveCfg = Debug|x64
		{CAEF26E7-39EA-3324-9323-404C3B2A2287}.Release|x64.ActiveCfg = Release|x64
		{CAEF26E7-39EA-3324-9323-404C3B2A2287}.Release|x64.Build.0 = Release|x64
		{CAEF26E7-39EA-3324-9323-404C3B2A2287}.Release|x86.ActiveCfg = Release|x64
		{0ECEDD47-4EC9-3232-B099-20D54C597639}.Debug|x64.ActiveCfg = Debug|x64
		{0ECEDD47-4EC9-3232-B099-20D54C597639}.Debug|x64.Build.0 = Debug|x64
		{0ECEDD47-4EC9-3232-B099-20D54C597639}.Debug|x86.ActiveCfg = Debug|Win32
		{0ECEDD47-4EC9-3232-B099-20D54C597639}.Debug|x86.Build.0 = Debug|Win32
		{0ECEDD47-4EC9-3232-B099-20D54C597639}.Release|x64.ActiveCfg = Release|x64
		{0ECEDD47-4EC9-3232-B099-20D54C597639}.Release|x64.Build.0 = Release|x64
		{0ECEDD47-4EC9-3232-B099-20D54C597639}.Release|x86.ActiveCfg = Release|Win32
		{0ECEDD47-4EC9-3232-B099-20D54C597639}.Release|x86.Build.0 = Release|Win32
	EndGlobalSection
	GlobalSection(SolutionProperties) = preSolution
		HideSolutionNode = FALSE
	EndGlobalSection
	GlobalSection(ExtensibilityGlobals) = postSolution
		SolutionGuid = {995DE759-D8AC-4123-B979-DD8E98F55071}
	EndGlobalSection
EndGlobal
